
Microsoft Visual Studio Solution File, Format Version 12.00
# Visual Studio Version 17
VisualStudioVersion = 17.13.35825.156 d17.13
MinimumVisualStudioVersion = 10.0.40219.1
Project("{FAE04EC0-301F-11D3-BF4B-00C04F79EFBC}") = "timus", "timus\timus.csproj", "{34DCEE04-175E-485B-9B6B-249AFA913E05}"
EndProject
Global
	GlobalSection(SolutionConfigurationPlatforms) = preSolution
		Debug|Any CPU = Debug|Any CPU
		Release|Any CPU = Release|Any CPU
	EndGlobalSection
	GlobalSection(ProjectConfigurationPlatforms) = postSolution
		{34DCEE04-175E-485B-9B6B-249AFA913E05}.Debug|Any CPU.ActiveCfg = Debug|Any CPU
		{34DCEE04-175E-485B-9B6B-249AFA913E05}.Debug|Any CPU.Build.0 = Debug|Any CPU
		{34DCEE04-175E-485B-9B6B-249AFA913E05}.Release|Any CPU.ActiveCfg = Release|Any CPU
		{34DCEE04-175E-485B-9B6B-249AFA913E05}.Release|Any CPU.Build.0 = Release|Any CPU
	EndGlobalSection
	GlobalSection(SolutionProperties) = preSolution
		HideSolutionNode = FALSE
	EndGlobalSection
	GlobalSection(ExtensibilityGlobals) = postSolution
		SolutionGuid = {E1D0B8C3-34F6-4705-B23B-2B9B8CCBBD12}
	EndGlobalSection
EndGlobal
