
Microsoft Visual Studio Solution File, Format Version 12.00
# Visual Studio Version 17
VisualStudioVersion = 17.13.35825.156 d17.13
MinimumVisualStudioVersion = 10.0.40219.1
Project("{FAE04EC0-301F-11D3-BF4B-00C04F79EFBC}") = "1491unrealstory", "1491unrealstory\1491unrealstory.csproj", "{43C38C05-8EB7-49A2-8297-3E44E8953EC5}"
EndProject
Global
	GlobalSection(SolutionConfigurationPlatforms) = preSolution
		Debug|Any CPU = Debug|Any CPU
		Release|Any CPU = Release|Any CPU
	EndGlobalSection
	GlobalSection(ProjectConfigurationPlatforms) = postSolution
		{43C38C05-8EB7-49A2-8297-3E44E8953EC5}.Debug|Any CPU.ActiveCfg = Debug|Any CPU
		{43C38C05-8EB7-49A2-8297-3E44E8953EC5}.Debug|Any CPU.Build.0 = Debug|Any CPU
		{43C38C05-8EB7-49A2-8297-3E44E8953EC5}.Release|Any CPU.ActiveCfg = Release|Any CPU
		{43C38C05-8EB7-49A2-8297-3E44E8953EC5}.Release|Any CPU.Build.0 = Release|Any CPU
	EndGlobalSection
	GlobalSection(SolutionProperties) = preSolution
		HideSolutionNode = FALSE
	EndGlobalSection
	GlobalSection(ExtensibilityGlobals) = postSolution
		SolutionGuid = {443773AC-38D3-457A-AAD7-BE8D3EBFC377}
	EndGlobalSection
EndGlobal
