
Microsoft Visual Studio Solution File, Format Version 12.00
# Visual Studio Version 17
VisualStudioVersion = 17.13.35825.156 d17.13
MinimumVisualStudioVersion = 10.0.40219.1
Project("{FAE04EC0-301F-11D3-BF4B-00C04F79EFBC}") = "Program", "Program\Program.csproj", "{B7282A5F-42C5-4347-93EA-057605B66EEA}"
EndProject
Global
	GlobalSection(SolutionConfigurationPlatforms) = preSolution
		Debug|Any CPU = Debug|Any CPU
		Release|Any CPU = Release|Any CPU
	EndGlobalSection
	GlobalSection(ProjectConfigurationPlatforms) = postSolution
		{B7282A5F-42C5-4347-93EA-057605B66EEA}.Debug|Any CPU.ActiveCfg = Debug|Any CPU
		{B7282A5F-42C5-4347-93EA-057605B66EEA}.Debug|Any CPU.Build.0 = Debug|Any CPU
		{B7282A5F-42C5-4347-93EA-057605B66EEA}.Release|Any CPU.ActiveCfg = Release|Any CPU
		{B7282A5F-42C5-4347-93EA-057605B66EEA}.Release|Any CPU.Build.0 = Release|Any CPU
	EndGlobalSection
	GlobalSection(SolutionProperties) = preSolution
		HideSolutionNode = FALSE
	EndGlobalSection
	GlobalSection(ExtensibilityGlobals) = postSolution
		SolutionGuid = {6A100FAB-AD6C-4592-8D04-18F1D84E36C4}
	EndGlobalSection
EndGlobal
